
Microsoft Visual Studio Solution File, Format Version 12.00
# Visual Studio 15
VisualStudioVersion = 15.0.28010.2048
MinimumVisualStudioVersion = 10.0.40219.1
Project("{FAE04EC0-301F-11D3-BF4B-00C04F79EFBC}") = "EducationApp", "EducationApp\EducationApp.csproj", "{8A3AC612-F398-49ED-B75A-4B731A369A8A}"
EndProject
Global
	GlobalSection(SolutionConfigurationPlatforms) = preSolution
		Debug|Any CPU = Debug|Any CPU
		Release|Any CPU = Release|Any CPU
	EndGlobalSection
	GlobalSection(ProjectConfigurationPlatforms) = postSolution
		{8A3AC612-F398-49ED-B75A-4B731A369A8A}.Debug|Any CPU.ActiveCfg = Debug|Any CPU
		{8A3AC612-F398-49ED-B75A-4B731A369A8A}.Debug|Any CPU.Build.0 = Debug|Any CPU
		{8A3AC612-F398-49ED-B75A-4B731A369A8A}.Release|Any CPU.ActiveCfg = Release|Any CPU
		{8A3AC612-F398-49ED-B75A-4B731A369A8A}.Release|Any CPU.Build.0 = Release|Any CPU
	EndGlobalSection
	GlobalSection(SolutionProperties) = preSolution
		HideSolutionNode = FALSE
	EndGlobalSection
	GlobalSection(ExtensibilityGlobals) = postSolution
		SolutionGuid = {681C6219-529D-4718-8D1F-22F4503B2AD2}
	EndGlobalSection
EndGlobal
